
Microsoft Visual Studio Solution File, Format Version 12.00
# Visual Studio 14
VisualStudioVersion = 14.0.25420.1
MinimumVisualStudioVersion = 10.0.40219.1
Project("{F184B08F-C81C-45F6-A57F-5ABD9991F28F}") = "Csmd Attendence", "Csmd Attendence\Csmd Attendence.vbproj", "{567AB573-CF11-48F5-94DC-7E2F52EEAD3A}"
EndProject
Project("{F184B08F-C81C-45F6-A57F-5ABD9991F28F}") = "Csmd RM Live", "Csmd RM Live\Csmd RM Live.vbproj", "{AB1CCC68-3216-4DD4-B9EA-548E63D51CB6}"
EndProject
Project("{F184B08F-C81C-45F6-A57F-5ABD9991F28F}") = "CsmdBioDatabase", "CsmdBioDatabase\CsmdBioDatabase.vbproj", "{28179E5E-9280-4501-BFBA-BF5D791E6BD8}"
EndProject
Project("{F184B08F-C81C-45F6-A57F-5ABD9991F28F}") = "CsmdBioDashBoard", "CsmdBioDashBoard\CsmdBioDashBoard.vbproj", "{BC67D255-7569-4130-93AF-AF8A9CB3E56F}"
EndProject
Project("{F184B08F-C81C-45F6-A57F-5ABD9991F28F}") = "CsmdBioReports", "CsmdBioReports\CsmdBioReports.vbproj", "{9D938FF6-4482-47C5-95FD-B2A7A332BEBD}"
EndProject
Project("{F184B08F-C81C-45F6-A57F-5ABD9991F28F}") = "CsmdUpdater", "CsmdUpdater\CsmdUpdater.vbproj", "{C140BFCF-02BB-463B-A254-F4CC0078D0EB}"
EndProject
Project("{F184B08F-C81C-45F6-A57F-5ABD9991F28F}") = "CsmdWebSender", "CsmdWebSender\CsmdWebSender.vbproj", "{937823F7-577C-460F-A4C4-1E563D04AD17}"
EndProject
Global
	GlobalSection(SolutionConfigurationPlatforms) = preSolution
		Debug|Any CPU = Debug|Any CPU
		Release|Any CPU = Release|Any CPU
	EndGlobalSection
	GlobalSection(ProjectConfigurationPlatforms) = postSolution
		{567AB573-CF11-48F5-94DC-7E2F52EEAD3A}.Debug|Any CPU.ActiveCfg = Debug|Any CPU
		{567AB573-CF11-48F5-94DC-7E2F52EEAD3A}.Debug|Any CPU.Build.0 = Debug|Any CPU
		{567AB573-CF11-48F5-94DC-7E2F52EEAD3A}.Release|Any CPU.ActiveCfg = Release|Any CPU
		{567AB573-CF11-48F5-94DC-7E2F52EEAD3A}.Release|Any CPU.Build.0 = Release|Any CPU
		{AB1CCC68-3216-4DD4-B9EA-548E63D51CB6}.Debug|Any CPU.ActiveCfg = Debug|Any CPU
		{AB1CCC68-3216-4DD4-B9EA-548E63D51CB6}.Debug|Any CPU.Build.0 = Debug|Any CPU
		{AB1CCC68-3216-4DD4-B9EA-548E63D51CB6}.Release|Any CPU.ActiveCfg = Release|Any CPU
		{AB1CCC68-3216-4DD4-B9EA-548E63D51CB6}.Release|Any CPU.Build.0 = Release|Any CPU
		{28179E5E-9280-4501-BFBA-BF5D791E6BD8}.Debug|Any CPU.ActiveCfg = Debug|Any CPU
		{28179E5E-9280-4501-BFBA-BF5D791E6BD8}.Debug|Any CPU.Build.0 = Debug|Any CPU
		{28179E5E-9280-4501-BFBA-BF5D791E6BD8}.Release|Any CPU.ActiveCfg = Release|Any CPU
		{28179E5E-9280-4501-BFBA-BF5D791E6BD8}.Release|Any CPU.Build.0 = Release|Any CPU
		{BC67D255-7569-4130-93AF-AF8A9CB3E56F}.Debug|Any CPU.ActiveCfg = Debug|Any CPU
		{BC67D255-7569-4130-93AF-AF8A9CB3E56F}.Debug|Any CPU.Build.0 = Debug|Any CPU
		{BC67D255-7569-4130-93AF-AF8A9CB3E56F}.Release|Any CPU.ActiveCfg = Release|Any CPU
		{BC67D255-7569-4130-93AF-AF8A9CB3E56F}.Release|Any CPU.Build.0 = Release|Any CPU
		{9D938FF6-4482-47C5-95FD-B2A7A332BEBD}.Debug|Any CPU.ActiveCfg = Debug|Any CPU
		{9D938FF6-4482-47C5-95FD-B2A7A332BEBD}.Debug|Any CPU.Build.0 = Debug|Any CPU
		{9D938FF6-4482-47C5-95FD-B2A7A332BEBD}.Release|Any CPU.ActiveCfg = Release|Any CPU
		{9D938FF6-4482-47C5-95FD-B2A7A332BEBD}.Release|Any CPU.Build.0 = Release|Any CPU
		{C140BFCF-02BB-463B-A254-F4CC0078D0EB}.Debug|Any CPU.ActiveCfg = Debug|Any CPU
		{C140BFCF-02BB-463B-A254-F4CC0078D0EB}.Debug|Any CPU.Build.0 = Debug|Any CPU
		{C140BFCF-02BB-463B-A254-F4CC0078D0EB}.Release|Any CPU.ActiveCfg = Release|Any CPU
		{C140BFCF-02BB-463B-A254-F4CC0078D0EB}.Release|Any CPU.Build.0 = Release|Any CPU
		{937823F7-577C-460F-A4C4-1E563D04AD17}.Debug|Any CPU.ActiveCfg = Debug|Any CPU
		{937823F7-577C-460F-A4C4-1E563D04AD17}.Debug|Any CPU.Build.0 = Debug|Any CPU
		{937823F7-577C-460F-A4C4-1E563D04AD17}.Release|Any CPU.ActiveCfg = Release|Any CPU
		{937823F7-577C-460F-A4C4-1E563D04AD17}.Release|Any CPU.Build.0 = Release|Any CPU
	EndGlobalSection
	GlobalSection(SolutionProperties) = preSolution
		HideSolutionNode = FALSE
	EndGlobalSection
EndGlobal
